
Microsoft Visual Studio Solution File, Format Version 12.00
# Visual Studio Version 16
VisualStudioVersion = 16.0.31515.178
MinimumVisualStudioVersion = 10.0.40219.1
Project("{FAE04EC0-301F-11D3-BF4B-00C04F79EFBC}") = "AgenciaBancaria.Dominio", "AgenciaBancaria.Dominio\AgenciaBancaria.Dominio.csproj", "{9B153836-C4B4-41EB-BBB7-938EAD26D466}"
EndProject
Project("{FAE04EC0-301F-11D3-BF4B-00C04F79EFBC}") = "AgenciaBancaria.App", "AgenciaBancaria.App\AgenciaBancaria.App.csproj", "{9A1A5915-CB96-4519-967A-AB539909D64E}"
EndProject
Global
	GlobalSection(SolutionConfigurationPlatforms) = preSolution
		Debug|Any CPU = Debug|Any CPU
		Release|Any CPU = Release|Any CPU
	EndGlobalSection
	GlobalSection(ProjectConfigurationPlatforms) = postSolution
		{9B153836-C4B4-41EB-BBB7-938EAD26D466}.Debug|Any CPU.ActiveCfg = Debug|Any CPU
		{9B153836-C4B4-41EB-BBB7-938EAD26D466}.Debug|Any CPU.Build.0 = Debug|Any CPU
		{9B153836-C4B4-41EB-BBB7-938EAD26D466}.Release|Any CPU.ActiveCfg = Release|Any CPU
		{9B153836-C4B4-41EB-BBB7-938EAD26D466}.Release|Any CPU.Build.0 = Release|Any CPU
		{9A1A5915-CB96-4519-967A-AB539909D64E}.Debug|Any CPU.ActiveCfg = Debug|Any CPU
		{9A1A5915-CB96-4519-967A-AB539909D64E}.Debug|Any CPU.Build.0 = Debug|Any CPU
		{9A1A5915-CB96-4519-967A-AB539909D64E}.Release|Any CPU.ActiveCfg = Release|Any CPU
		{9A1A5915-CB96-4519-967A-AB539909D64E}.Release|Any CPU.Build.0 = Release|Any CPU
	EndGlobalSection
	GlobalSection(SolutionProperties) = preSolution
		HideSolutionNode = FALSE
	EndGlobalSection
	GlobalSection(ExtensibilityGlobals) = postSolution
		SolutionGuid = {CAF6D44C-BE75-4263-B2E8-2DD87C90996E}
	EndGlobalSection
EndGlobal
